
Microsoft Visual Studio Solution File, Format Version 12.00
Project("{FAE04EC0-301F-11D3-BF4B-00C04F79EFBC}") = "CSExercises", "CSExercises\CSExercises.csproj", "{81F55651-72CB-4BED-8081-FA96D60DD6DF}"
EndProject
Global
	GlobalSection(SolutionConfigurationPlatforms) = preSolution
		Debug|Any CPU = Debug|Any CPU
		Release|Any CPU = Release|Any CPU
	EndGlobalSection
	GlobalSection(ProjectConfigurationPlatforms) = postSolution
		{81F55651-72CB-4BED-8081-FA96D60DD6DF}.Debug|Any CPU.ActiveCfg = Debug|Any CPU
		{81F55651-72CB-4BED-8081-FA96D60DD6DF}.Debug|Any CPU.Build.0 = Debug|Any CPU
		{81F55651-72CB-4BED-8081-FA96D60DD6DF}.Release|Any CPU.ActiveCfg = Release|Any CPU
		{81F55651-72CB-4BED-8081-FA96D60DD6DF}.Release|Any CPU.Build.0 = Release|Any CPU
	EndGlobalSection
EndGlobal
